
Microsoft Visual Studio Solution File, Format Version 10.00
# Visual Studio 2008
Project("{8BC9CEB8-8B4A-11D0-8D11-00A0C91BC942}") = "0.Doc", "0.Doc\0.Doc.vcproj", "{860612C3-F0DB-4169-B673-C72CC4F8F7B1}"
EndProject
Project("{8BC9CEB8-8B4A-11D0-8D11-00A0C91BC942}") = "01.AutoDistriID", "01.AutoDistriID\AutoDistriID.vcproj", "{1E2C4C1A-A883-4449-9592-9BB5C431373D}"
EndProject
Project("{8BC9CEB8-8B4A-11D0-8D11-00A0C91BC942}") = "02.Calculate", "02.Calculate\02.Calculate.vcproj", "{05E02B8C-D238-49BD-83D1-CBB095A323A7}"
EndProject
Project("{8BC9CEB8-8B4A-11D0-8D11-00A0C91BC942}") = "03.ExitPrintTest", "03.ExitPrintTest\03.ExitPrintTest.vcproj", "{ECF9B5F8-0BE6-43D7-BE4A-B146C070F018}"
EndProject
Project("{8BC9CEB8-8B4A-11D0-8D11-00A0C91BC942}") = "04.FileIOTest", "04.FileIOTest\04.FileIOTest.vcproj", "{439D70DE-A82F-4716-BC6F-F7EC8694BE35}"
EndProject
Project("{8BC9CEB8-8B4A-11D0-8D11-00A0C91BC942}") = "05.HandleMapTest", "05.HandleMapTest\05.HandleMapTest.vcproj", "{55B00166-1B8C-4A89-9644-CD53AC49FBDB}"
EndProject
Project("{8BC9CEB8-8B4A-11D0-8D11-00A0C91BC942}") = "06.HashMapTest", "06.HashMapTest\06.HashMapTest.vcproj", "{529FEE3D-B8DD-4A90-81E3-EF121F505429}"
EndProject
Project("{8BC9CEB8-8B4A-11D0-8D11-00A0C91BC942}") = "07.INIReadTest", "07.INIReadTest\07.INIReadTest.vcproj", "{8034AEE0-2188-4E42-96C2-53E44367670A}"
EndProject
Project("{8BC9CEB8-8B4A-11D0-8D11-00A0C91BC942}") = "08.LockTest", "08.LockTest\08.LockTest.vcproj", "{1FABC3F1-F7DC-4EB3-A289-4526B57ED1E9}"
EndProject
Project("{8BC9CEB8-8B4A-11D0-8D11-00A0C91BC942}") = "09.MapLockTest", "09.MapLockTest\09.MapLockTest.vcproj", "{018B3CA5-182E-40EC-A09C-E6C3FEAD2A55}"
EndProject
Project("{8BC9CEB8-8B4A-11D0-8D11-00A0C91BC942}") = "10.MD5Test", "10.MD5Test\10.MD5Test.vcproj", "{99192CFD-6E0D-4541-93BC-AE235D93C8F5}"
EndProject
Project("{8BC9CEB8-8B4A-11D0-8D11-00A0C91BC942}") = "11.MemoryTest", "11.MemoryTest\11.MemoryTest.vcproj", "{93956365-B9B1-43F7-983C-5CE81FD8E573}"
EndProject
Project("{8BC9CEB8-8B4A-11D0-8D11-00A0C91BC942}") = "12.MMapGetData", "12.MMapGetData\12.MMapGetData.vcproj", "{31C262CE-268C-4169-A900-55D969DE9F35}"
EndProject
Project("{8BC9CEB8-8B4A-11D0-8D11-00A0C91BC942}") = "13.MMapTest01", "13.MMapTest01\13.MMapTest01.vcproj", "{4D8D9441-D281-4432-A246-1B929BF49F8F}"
EndProject
Project("{8BC9CEB8-8B4A-11D0-8D11-00A0C91BC942}") = "14.Operator", "14.Operator\14.Operator.vcproj", "{4A920E01-9B3B-4D36-9C84-746E9977DDF8}"
EndProject
Project("{8BC9CEB8-8B4A-11D0-8D11-00A0C91BC942}") = "15.String2HexTest", "15.String2HexTest\15.String2HexTest.vcproj", "{142707B9-D812-442F-915B-62DF492158A3}"
EndProject
Project("{8BC9CEB8-8B4A-11D0-8D11-00A0C91BC942}") = "16.TimeStampTest", "16.TimeStampTest\16.TimeStampTest.vcproj", "{6D823588-F173-4C02-84FF-4DCD91912B30}"
EndProject
Project("{8BC9CEB8-8B4A-11D0-8D11-00A0C91BC942}") = "17.UnioStructTest", "17.UnioStructTest\17.UnioStructTest.vcproj", "{AF662951-C429-405C-AC1D-F80F9978F702}"
EndProject
Project("{8BC9CEB8-8B4A-11D0-8D11-00A0C91BC942}") = "18.VectorTest", "18.VectorTest\18.VectorTest.vcproj", "{B20C3D0C-30F5-4739-9547-C75B576A3EFE}"
EndProject
Project("{8BC9CEB8-8B4A-11D0-8D11-00A0C91BC942}") = "19.XDDll", "19.XDDll\19.XDDll.vcproj", "{146F7B9E-C876-40FF-8B18-3AB89A4E302B}"
EndProject
Project("{8BC9CEB8-8B4A-11D0-8D11-00A0C91BC942}") = "20.XDTest", "20.XDTest\20.XDTest.vcproj", "{DFC81273-E129-46B4-BD0F-607DF8EFE322}"
	ProjectSection(ProjectDependencies) = postProject
		{146F7B9E-C876-40FF-8B18-3AB89A4E302B} = {146F7B9E-C876-40FF-8B18-3AB89A4E302B}
	EndProjectSection
EndProject
Project("{8BC9CEB8-8B4A-11D0-8D11-00A0C91BC942}") = "21.CharXXTest", "21.CharXXTest\21.CharXXTest.vcproj", "{23AE357F-1194-465B-AEB8-1D239F41C0AD}"
EndProject
Project("{8BC9CEB8-8B4A-11D0-8D11-00A0C91BC942}") = "99.Learn", "99.Learn\99.Learn.vcproj", "{019FCEB5-E006-4AD4-9CE6-E834C737BCB9}"
EndProject
Project("{8BC9CEB8-8B4A-11D0-8D11-00A0C91BC942}") = "22.ByteLocation", "22.ByteLocation\22.ByteLocation.vcproj", "{D5ADD834-C155-43BF-BABF-A55AA8B72D5F}"
EndProject
Project("{8BC9CEB8-8B4A-11D0-8D11-00A0C91BC942}") = "23.PropertiesTest", "23.PropertiesTest\23.PropertiesTest.vcproj", "{080B1DB4-20A5-4786-94CF-1C9A779736E3}"
EndProject
Project("{8BC9CEB8-8B4A-11D0-8D11-00A0C91BC942}") = "24.CSVManTest", "24.CSVManTest\24.CSVManTest.vcproj", "{31CBB649-03D9-4E51-A7A4-98FFDCC9874E}"
EndProject
Project("{8BC9CEB8-8B4A-11D0-8D11-00A0C91BC942}") = "25.DoCSV", "25.DoCSV\25.DoCSV.vcproj", "{0F6E4C1D-2E39-4080-ACC6-38BE541B63EC}"
EndProject
Project("{8BC9CEB8-8B4A-11D0-8D11-00A0C91BC942}") = "26.INIFile", "26.INIFile\26.INIFile.vcproj", "{58059AB8-A4D3-4FAC-B4B9-723F26176FC2}"
EndProject
Project("{8BC9CEB8-8B4A-11D0-8D11-00A0C91BC942}") = "27.CompileTest", "27.CompileTest\27.CompileTest.vcproj", "{2DAAAE86-CE32-4D6A-8F00-A326D627AF5B}"
EndProject
Project("{8BC9CEB8-8B4A-11D0-8D11-00A0C91BC942}") = "28.signalTest", "28.signalTest\28.signalTest.vcproj", "{873F40E6-0963-4A68-B251-7CCC96BFB37F}"
EndProject
Project("{8BC9CEB8-8B4A-11D0-8D11-00A0C91BC942}") = "29.RandTest", "29.RandTest\29.RandTest.vcproj", "{D374B2A1-74BE-40BC-B2FB-930D69733573}"
EndProject
Project("{8BC9CEB8-8B4A-11D0-8D11-00A0C91BC942}") = "30.TimeTest", "30.TimeTest\30.TimeTest.vcproj", "{7DC8C0AD-9CAC-4593-8F66-25E82836DB3A}"
EndProject
Global
	GlobalSection(SolutionConfigurationPlatforms) = preSolution
		Debug|Win32 = Debug|Win32
		Release|Win32 = Release|Win32
	EndGlobalSection
	GlobalSection(ProjectConfigurationPlatforms) = postSolution
		{860612C3-F0DB-4169-B673-C72CC4F8F7B1}.Debug|Win32.ActiveCfg = Debug|Win32
		{860612C3-F0DB-4169-B673-C72CC4F8F7B1}.Debug|Win32.Build.0 = Debug|Win32
		{860612C3-F0DB-4169-B673-C72CC4F8F7B1}.Release|Win32.ActiveCfg = Release|Win32
		{860612C3-F0DB-4169-B673-C72CC4F8F7B1}.Release|Win32.Build.0 = Release|Win32
		{1E2C4C1A-A883-4449-9592-9BB5C431373D}.Debug|Win32.ActiveCfg = Debug|Win32
		{1E2C4C1A-A883-4449-9592-9BB5C431373D}.Debug|Win32.Build.0 = Debug|Win32
		{1E2C4C1A-A883-4449-9592-9BB5C431373D}.Release|Win32.ActiveCfg = Release|Win32
		{1E2C4C1A-A883-4449-9592-9BB5C431373D}.Release|Win32.Build.0 = Release|Win32
		{05E02B8C-D238-49BD-83D1-CBB095A323A7}.Debug|Win32.ActiveCfg = Debug|Win32
		{05E02B8C-D238-49BD-83D1-CBB095A323A7}.Debug|Win32.Build.0 = Debug|Win32
		{05E02B8C-D238-49BD-83D1-CBB095A323A7}.Release|Win32.ActiveCfg = Release|Win32
		{05E02B8C-D238-49BD-83D1-CBB095A323A7}.Release|Win32.Build.0 = Release|Win32
		{ECF9B5F8-0BE6-43D7-BE4A-B146C070F018}.Debug|Win32.ActiveCfg = Debug|Win32
		{ECF9B5F8-0BE6-43D7-BE4A-B146C070F018}.Debug|Win32.Build.0 = Debug|Win32
		{ECF9B5F8-0BE6-43D7-BE4A-B146C070F018}.Release|Win32.ActiveCfg = Release|Win32
		{ECF9B5F8-0BE6-43D7-BE4A-B146C070F018}.Release|Win32.Build.0 = Release|Win32
		{439D70DE-A82F-4716-BC6F-F7EC8694BE35}.Debug|Win32.ActiveCfg = Debug|Win32
		{439D70DE-A82F-4716-BC6F-F7EC8694BE35}.Debug|Win32.Build.0 = Debug|Win32
		{439D70DE-A82F-4716-BC6F-F7EC8694BE35}.Release|Win32.ActiveCfg = Release|Win32
		{439D70DE-A82F-4716-BC6F-F7EC8694BE35}.Release|Win32.Build.0 = Release|Win32
		{55B00166-1B8C-4A89-9644-CD53AC49FBDB}.Debug|Win32.ActiveCfg = Debug|Win32
		{55B00166-1B8C-4A89-9644-CD53AC49FBDB}.Debug|Win32.Build.0 = Debug|Win32
		{55B00166-1B8C-4A89-9644-CD53AC49FBDB}.Release|Win32.ActiveCfg = Release|Win32
		{55B00166-1B8C-4A89-9644-CD53AC49FBDB}.Release|Win32.Build.0 = Release|Win32
		{529FEE3D-B8DD-4A90-81E3-EF121F505429}.Debug|Win32.ActiveCfg = Debug|Win32
		{529FEE3D-B8DD-4A90-81E3-EF121F505429}.Debug|Win32.Build.0 = Debug|Win32
		{529FEE3D-B8DD-4A90-81E3-EF121F505429}.Release|Win32.ActiveCfg = Release|Win32
		{529FEE3D-B8DD-4A90-81E3-EF121F505429}.Release|Win32.Build.0 = Release|Win32
		{8034AEE0-2188-4E42-96C2-53E44367670A}.Debug|Win32.ActiveCfg = Debug|Win32
		{8034AEE0-2188-4E42-96C2-53E44367670A}.Debug|Win32.Build.0 = Debug|Win32
		{8034AEE0-2188-4E42-96C2-53E44367670A}.Release|Win32.ActiveCfg = Release|Win32
		{8034AEE0-2188-4E42-96C2-53E44367670A}.Release|Win32.Build.0 = Release|Win32
		{1FABC3F1-F7DC-4EB3-A289-4526B57ED1E9}.Debug|Win32.ActiveCfg = Debug|Win32
		{1FABC3F1-F7DC-4EB3-A289-4526B57ED1E9}.Debug|Win32.Build.0 = Debug|Win32
		{1FABC3F1-F7DC-4EB3-A289-4526B57ED1E9}.Release|Win32.ActiveCfg = Release|Win32
		{1FABC3F1-F7DC-4EB3-A289-4526B57ED1E9}.Release|Win32.Build.0 = Release|Win32
		{018B3CA5-182E-40EC-A09C-E6C3FEAD2A55}.Debug|Win32.ActiveCfg = Debug|Win32
		{018B3CA5-182E-40EC-A09C-E6C3FEAD2A55}.Debug|Win32.Build.0 = Debug|Win32
		{018B3CA5-182E-40EC-A09C-E6C3FEAD2A55}.Release|Win32.ActiveCfg = Release|Win32
		{018B3CA5-182E-40EC-A09C-E6C3FEAD2A55}.Release|Win32.Build.0 = Release|Win32
		{99192CFD-6E0D-4541-93BC-AE235D93C8F5}.Debug|Win32.ActiveCfg = Debug|Win32
		{99192CFD-6E0D-4541-93BC-AE235D93C8F5}.Debug|Win32.Build.0 = Debug|Win32
		{99192CFD-6E0D-4541-93BC-AE235D93C8F5}.Release|Win32.ActiveCfg = Release|Win32
		{99192CFD-6E0D-4541-93BC-AE235D93C8F5}.Release|Win32.Build.0 = Release|Win32
		{93956365-B9B1-43F7-983C-5CE81FD8E573}.Debug|Win32.ActiveCfg = Debug|Win32
		{93956365-B9B1-43F7-983C-5CE81FD8E573}.Debug|Win32.Build.0 = Debug|Win32
		{93956365-B9B1-43F7-983C-5CE81FD8E573}.Release|Win32.ActiveCfg = Release|Win32
		{93956365-B9B1-43F7-983C-5CE81FD8E573}.Release|Win32.Build.0 = Release|Win32
		{31C262CE-268C-4169-A900-55D969DE9F35}.Debug|Win32.ActiveCfg = Debug|Win32
		{31C262CE-268C-4169-A900-55D969DE9F35}.Debug|Win32.Build.0 = Debug|Win32
		{31C262CE-268C-4169-A900-55D969DE9F35}.Release|Win32.ActiveCfg = Release|Win32
		{31C262CE-268C-4169-A900-55D969DE9F35}.Release|Win32.Build.0 = Release|Win32
		{4D8D9441-D281-4432-A246-1B929BF49F8F}.Debug|Win32.ActiveCfg = Debug|Win32
		{4D8D9441-D281-4432-A246-1B929BF49F8F}.Debug|Win32.Build.0 = Debug|Win32
		{4D8D9441-D281-4432-A246-1B929BF49F8F}.Release|Win32.ActiveCfg = Release|Win32
		{4D8D9441-D281-4432-A246-1B929BF49F8F}.Release|Win32.Build.0 = Release|Win32
		{4A920E01-9B3B-4D36-9C84-746E9977DDF8}.Debug|Win32.ActiveCfg = Debug|Win32
		{4A920E01-9B3B-4D36-9C84-746E9977DDF8}.Debug|Win32.Build.0 = Debug|Win32
		{4A920E01-9B3B-4D36-9C84-746E9977DDF8}.Release|Win32.ActiveCfg = Release|Win32
		{4A920E01-9B3B-4D36-9C84-746E9977DDF8}.Release|Win32.Build.0 = Release|Win32
		{142707B9-D812-442F-915B-62DF492158A3}.Debug|Win32.ActiveCfg = Debug|Win32
		{142707B9-D812-442F-915B-62DF492158A3}.Debug|Win32.Build.0 = Debug|Win32
		{142707B9-D812-442F-915B-62DF492158A3}.Release|Win32.ActiveCfg = Release|Win32
		{142707B9-D812-442F-915B-62DF492158A3}.Release|Win32.Build.0 = Release|Win32
		{6D823588-F173-4C02-84FF-4DCD91912B30}.Debug|Win32.ActiveCfg = Debug|Win32
		{6D823588-F173-4C02-84FF-4DCD91912B30}.Debug|Win32.Build.0 = Debug|Win32
		{6D823588-F173-4C02-84FF-4DCD91912B30}.Release|Win32.ActiveCfg = Release|Win32
		{6D823588-F173-4C02-84FF-4DCD91912B30}.Release|Win32.Build.0 = Release|Win32
		{AF662951-C429-405C-AC1D-F80F9978F702}.Debug|Win32.ActiveCfg = Debug|Win32
		{AF662951-C429-405C-AC1D-F80F9978F702}.Debug|Win32.Build.0 = Debug|Win32
		{AF662951-C429-405C-AC1D-F80F9978F702}.Release|Win32.ActiveCfg = Release|Win32
		{AF662951-C429-405C-AC1D-F80F9978F702}.Release|Win32.Build.0 = Release|Win32
		{B20C3D0C-30F5-4739-9547-C75B576A3EFE}.Debug|Win32.ActiveCfg = Debug|Win32
		{B20C3D0C-30F5-4739-9547-C75B576A3EFE}.Debug|Win32.Build.0 = Debug|Win32
		{B20C3D0C-30F5-4739-9547-C75B576A3EFE}.Release|Win32.ActiveCfg = Release|Win32
		{B20C3D0C-30F5-4739-9547-C75B576A3EFE}.Release|Win32.Build.0 = Release|Win32
		{146F7B9E-C876-40FF-8B18-3AB89A4E302B}.Debug|Win32.ActiveCfg = Debug|Win32
		{146F7B9E-C876-40FF-8B18-3AB89A4E302B}.Debug|Win32.Build.0 = Debug|Win32
		{146F7B9E-C876-40FF-8B18-3AB89A4E302B}.Release|Win32.ActiveCfg = Release|Win32
		{146F7B9E-C876-40FF-8B18-3AB89A4E302B}.Release|Win32.Build.0 = Release|Win32
		{DFC81273-E129-46B4-BD0F-607DF8EFE322}.Debug|Win32.ActiveCfg = Debug|Win32
		{DFC81273-E129-46B4-BD0F-607DF8EFE322}.Debug|Win32.Build.0 = Debug|Win32
		{DFC81273-E129-46B4-BD0F-607DF8EFE322}.Release|Win32.ActiveCfg = Release|Win32
		{DFC81273-E129-46B4-BD0F-607DF8EFE322}.Release|Win32.Build.0 = Release|Win32
		{23AE357F-1194-465B-AEB8-1D239F41C0AD}.Debug|Win32.ActiveCfg = Debug|Win32
		{23AE357F-1194-465B-AEB8-1D239F41C0AD}.Debug|Win32.Build.0 = Debug|Win32
		{23AE357F-1194-465B-AEB8-1D239F41C0AD}.Release|Win32.ActiveCfg = Release|Win32
		{23AE357F-1194-465B-AEB8-1D239F41C0AD}.Release|Win32.Build.0 = Release|Win32
		{019FCEB5-E006-4AD4-9CE6-E834C737BCB9}.Debug|Win32.ActiveCfg = Debug|Win32
		{019FCEB5-E006-4AD4-9CE6-E834C737BCB9}.Debug|Win32.Build.0 = Debug|Win32
		{019FCEB5-E006-4AD4-9CE6-E834C737BCB9}.Release|Win32.ActiveCfg = Release|Win32
		{019FCEB5-E006-4AD4-9CE6-E834C737BCB9}.Release|Win32.Build.0 = Release|Win32
		{D5ADD834-C155-43BF-BABF-A55AA8B72D5F}.Debug|Win32.ActiveCfg = Debug|Win32
		{D5ADD834-C155-43BF-BABF-A55AA8B72D5F}.Debug|Win32.Build.0 = Debug|Win32
		{D5ADD834-C155-43BF-BABF-A55AA8B72D5F}.Release|Win32.ActiveCfg = Release|Win32
		{D5ADD834-C155-43BF-BABF-A55AA8B72D5F}.Release|Win32.Build.0 = Release|Win32
		{080B1DB4-20A5-4786-94CF-1C9A779736E3}.Debug|Win32.ActiveCfg = Debug|Win32
		{080B1DB4-20A5-4786-94CF-1C9A779736E3}.Debug|Win32.Build.0 = Debug|Win32
		{080B1DB4-20A5-4786-94CF-1C9A779736E3}.Release|Win32.ActiveCfg = Release|Win32
		{080B1DB4-20A5-4786-94CF-1C9A779736E3}.Release|Win32.Build.0 = Release|Win32
		{31CBB649-03D9-4E51-A7A4-98FFDCC9874E}.Debug|Win32.ActiveCfg = Debug|Win32
		{31CBB649-03D9-4E51-A7A4-98FFDCC9874E}.Debug|Win32.Build.0 = Debug|Win32
		{31CBB649-03D9-4E51-A7A4-98FFDCC9874E}.Release|Win32.ActiveCfg = Release|Win32
		{31CBB649-03D9-4E51-A7A4-98FFDCC9874E}.Release|Win32.Build.0 = Release|Win32
		{0F6E4C1D-2E39-4080-ACC6-38BE541B63EC}.Debug|Win32.ActiveCfg = Debug|Win32
		{0F6E4C1D-2E39-4080-ACC6-38BE541B63EC}.Debug|Win32.Build.0 = Debug|Win32
		{0F6E4C1D-2E39-4080-ACC6-38BE541B63EC}.Release|Win32.ActiveCfg = Release|Win32
		{0F6E4C1D-2E39-4080-ACC6-38BE541B63EC}.Release|Win32.Build.0 = Release|Win32
		{58059AB8-A4D3-4FAC-B4B9-723F26176FC2}.Debug|Win32.ActiveCfg = Debug|Win32
		{58059AB8-A4D3-4FAC-B4B9-723F26176FC2}.Debug|Win32.Build.0 = Debug|Win32
		{58059AB8-A4D3-4FAC-B4B9-723F26176FC2}.Release|Win32.ActiveCfg = Release|Win32
		{58059AB8-A4D3-4FAC-B4B9-723F26176FC2}.Release|Win32.Build.0 = Release|Win32
		{2DAAAE86-CE32-4D6A-8F00-A326D627AF5B}.Debug|Win32.ActiveCfg = Debug|Win32
		{2DAAAE86-CE32-4D6A-8F00-A326D627AF5B}.Debug|Win32.Build.0 = Debug|Win32
		{2DAAAE86-CE32-4D6A-8F00-A326D627AF5B}.Release|Win32.ActiveCfg = Release|Win32
		{2DAAAE86-CE32-4D6A-8F00-A326D627AF5B}.Release|Win32.Build.0 = Release|Win32
		{873F40E6-0963-4A68-B251-7CCC96BFB37F}.Debug|Win32.ActiveCfg = Debug|Win32
		{873F40E6-0963-4A68-B251-7CCC96BFB37F}.Debug|Win32.Build.0 = Debug|Win32
		{873F40E6-0963-4A68-B251-7CCC96BFB37F}.Release|Win32.ActiveCfg = Release|Win32
		{873F40E6-0963-4A68-B251-7CCC96BFB37F}.Release|Win32.Build.0 = Release|Win32
		{D374B2A1-74BE-40BC-B2FB-930D69733573}.Debug|Win32.ActiveCfg = Debug|Win32
		{D374B2A1-74BE-40BC-B2FB-930D69733573}.Debug|Win32.Build.0 = Debug|Win32
		{D374B2A1-74BE-40BC-B2FB-930D69733573}.Release|Win32.ActiveCfg = Release|Win32
		{D374B2A1-74BE-40BC-B2FB-930D69733573}.Release|Win32.Build.0 = Release|Win32
		{7DC8C0AD-9CAC-4593-8F66-25E82836DB3A}.Debug|Win32.ActiveCfg = Debug|Win32
		{7DC8C0AD-9CAC-4593-8F66-25E82836DB3A}.Debug|Win32.Build.0 = Debug|Win32
		{7DC8C0AD-9CAC-4593-8F66-25E82836DB3A}.Release|Win32.ActiveCfg = Release|Win32
		{7DC8C0AD-9CAC-4593-8F66-25E82836DB3A}.Release|Win32.Build.0 = Release|Win32
	EndGlobalSection
	GlobalSection(SolutionProperties) = preSolution
		HideSolutionNode = FALSE
	EndGlobalSection
EndGlobal
